[[package]]
name = "yapf"
version = "0.30.0"
description = "A formatter for Python code."
category = "dev"
optional = false
python-versions = "*"

[package.source]
type = "legacy"
url = "https://mirrors.aliyun.com/pypi/simple"
reference = "aliyun"

[metadata]
lock-version = "1.1"
python-versions = "^3.7"
content-hash = "e86ceac6ac16ffaf923f2ed5134ef1250128af1e28ed15b1c131ca967e256452"

[metadata.files]
yapf = [
    {file = "yapf-0.30.0-py2.py3-none-any.whl", hash = "sha256:3abf61ba67cf603069710d30acbc88cfe565d907e16ad81429ae90ce9651e0c9"},
    {file = "yapf-0.30.0.tar.gz", hash = "sha256:3000abee4c28daebad55da6c85f3cd07b8062ce48e2e9943c8da1b9667d48427"},
]
